// !$*UTF8*$!
{
	archiveVersion = 1;
	classes = {
	};
	objectVersion = 77;
	objects = {

/* Begin PBXBuildFile section */
		A2BD2AE92F35A6F80023E2ED /* iTunesLibrary.framework in Frameworks */ = {isa = PBXBuildFile; fileRef = A2BD2AE82F35A6F80023E2ED /* iTunesLibrary.framework */; };
		A2BD2AEB2F35A7070023E2ED /* AVFoundation.framework in Frameworks */ = {isa = PBXBuildFile; fileRef = A2BD2AEA2F35A7070023E2ED /* AVFoundation.framework */; };
		949F07BA33814212B647ADE9 /* MacTunesRecsTests.swift in Sources */ = {isa = PBXBuildFile; fileRef = 2011C62F54514254859DEF5B /* MacTunesRecsTests.swift */; };
		6958AB1636D14BBC910139AB /* XCTest.framework in Frameworks */ = {isa = PBXBuildFile; fileRef = 4E57F42ECFB44EAC9AD6BD90 /* XCTest.framework */; };
		AFEDE2F9E2634C2CB3A81C93 /* ModelsTests.swift in Sources */ = {isa = PBXBuildFile; fileRef = 31F4D2CD843B4B86AC50CDC9 /* ModelsTests.swift */; };
		D35CC0CD23614032BA48D136 /* RecommendationEngineTests.swift in Sources */ = {isa = PBXBuildFile; fileRef = 904F782D6790436382D9FF08 /* RecommendationEngineTests.swift */; };
		7A0CE59888634685AA4FC776 /* SpotifyClientGenreMatchTests.swift in Sources */ = {isa = PBXBuildFile; fileRef = A61020A6BECB42FA939E521C /* SpotifyClientGenreMatchTests.swift */; };
		72B2E01B69D3425B81FD1E0D /* OnlineGenreResolverCacheTests.swift in Sources */ = {isa = PBXBuildFile; fileRef = 1D8A63225A584D5584B5C000 /* OnlineGenreResolverCacheTests.swift */; };
		28336B3F3F024D4A934AF7B0 /* LibraryViewModelTests.swift in Sources */ = {isa = PBXBuildFile; fileRef = AC55F28585B4452E88ED1542 /* LibraryViewModelTests.swift */; };
		A9B5C08509194D9094E8C13C /* GenreEnrichmentTests.swift in Sources */ = {isa = PBXBuildFile; fileRef = D26EEB5CC8184F13A5A926A9 /* GenreEnrichmentTests.swift */; };
/* End PBXBuildFile section */

/* Begin PBXContainerItemProxy section */
		77ED08478A164FFFB991B8DA /* PBXContainerItemProxy */ = {
			isa = PBXContainerItemProxy;
			containerPortal = A2BD2ABF2F35A6500023E2ED /* Project object */;
			proxyType = 1;
			remoteGlobalIDString = A2BD2AC62F35A6500023E2ED;
			remoteInfo = MacTunesRecs;
		};
/* End PBXContainerItemProxy section */

/* Begin PBXFileReference section */
		A2BD2AC72F35A6500023E2ED /* MacTunesRecs.app */ = {isa = PBXFileReference; explicitFileType = wrapper.application; includeInIndex = 0; path = MacTunesRecs.app; sourceTree = BUILT_PRODUCTS_DIR; };
		A2BD2AE82F35A6F80023E2ED /* iTunesLibrary.framework */ = {isa = PBXFileReference; lastKnownFileType = wrapper.framework; name = iTunesLibrary.framework; path = System/Library/Frameworks/iTunesLibrary.framework; sourceTree = SDKROOT; };
		A2BD2AEA2F35A7070023E2ED /* AVFoundation.framework */ = {isa = PBXFileReference; lastKnownFileType = wrapper.framework; name = AVFoundation.framework; path = System/Library/Frameworks/AVFoundation.framework; sourceTree = SDKROOT; };
		A2C0AE652F3714280052180D /* MacTunesRecs.entitlements */ = {isa = PBXFileReference; lastKnownFileType = text.plist.entitlements; path = MacTunesRecs.entitlements; sourceTree = "<group>"; };
		EFB38123848E406B9A718AA1 /* MacTunesRecsTests.xctest */ = {isa = PBXFileReference; explicitFileType = wrapper.cfbundle; includeInIndex = 0; path = MacTunesRecsTests.xctest; sourceTree = BUILT_PRODUCTS_DIR; };
		2011C62F54514254859DEF5B /* MacTunesRecsTests.swift */ = {isa = PBXFileReference; lastKnownFileType = sourcecode.swift; path = MacTunesRecsTests.swift; sourceTree = "<group>"; };
		4E57F42ECFB44EAC9AD6BD90 /* XCTest.framework */ = {isa = PBXFileReference; lastKnownFileType = wrapper.framework; name = XCTest.framework; path = Library/Frameworks/XCTest.framework; sourceTree = DEVELOPER_DIR; };
		31F4D2CD843B4B86AC50CDC9 /* ModelsTests.swift */ = {isa = PBXFileReference; lastKnownFileType = sourcecode.swift; path = ModelsTests.swift; sourceTree = "<group>"; };
		904F782D6790436382D9FF08 /* RecommendationEngineTests.swift */ = {isa = PBXFileReference; lastKnownFileType = sourcecode.swift; path = RecommendationEngineTests.swift; sourceTree = "<group>"; };
		A61020A6BECB42FA939E521C /* SpotifyClientGenreMatchTests.swift */ = {isa = PBXFileReference; lastKnownFileType = sourcecode.swift; path = SpotifyClientGenreMatchTests.swift; sourceTree = "<group>"; };
		1D8A63225A584D5584B5C000 /* OnlineGenreResolverCacheTests.swift */ = {isa = PBXFileReference; lastKnownFileType = sourcecode.swift; path = OnlineGenreResolverCacheTests.swift; sourceTree = "<group>"; };
		AC55F28585B4452E88ED1542 /* LibraryViewModelTests.swift */ = {isa = PBXFileReference; lastKnownFileType = sourcecode.swift; path = LibraryViewModelTests.swift; sourceTree = "<group>"; };
		D26EEB5CC8184F13A5A926A9 /* GenreEnrichmentTests.swift */ = {isa = PBXFileReference; lastKnownFileType = sourcecode.swift; path = GenreEnrichmentTests.swift; sourceTree = "<group>"; };
/* End PBXFileReference section */

/* Begin PBXFileSystemSynchronizedBuildFileExceptionSet section */
		A2BD2B0C2F35B0AB0023E2ED /* Exceptions for "MacTunesRecs" folder in "MacTunesRecs" target */ = {
			isa = PBXFileSystemSynchronizedBuildFileExceptionSet;
			membershipExceptions = (
				Info.plist,
			);
			target = A2BD2AC62F35A6500023E2ED /* MacTunesRecs */;
		};
/* End PBXFileSystemSynchronizedBuildFileExceptionSet section */

/* Begin PBXFileSystemSynchronizedRootGroup section */
		A2BD2AC92F35A6500023E2ED /* MacTunesRecs */ = {
			isa = PBXFileSystemSynchronizedRootGroup;
			exceptions = (
				A2BD2B0C2F35B0AB0023E2ED /* Exceptions for "MacTunesRecs" folder in "MacTunesRecs" target */,
			);
			path = MacTunesRecs;
			sourceTree = "<group>";
		};
/* End PBXFileSystemSynchronizedRootGroup section */

/* Begin PBXFrameworksBuildPhase section */
		A2BD2AC42F35A6500023E2ED /* Frameworks */ = {
			isa = PBXFrameworksBuildPhase;
			buildActionMask = 2147483647;
			files = (
				A2BD2AEB2F35A7070023E2ED /* AVFoundation.framework in Frameworks */,
				A2BD2AE92F35A6F80023E2ED /* iTunesLibrary.framework in Frameworks */,
			);
			runOnlyForDeploymentPostprocessing = 0;
		};
		AA55262E46144035AA3C0647 /* Frameworks */ = {
			isa = PBXFrameworksBuildPhase;
			buildActionMask = 2147483647;
			files = (
				6958AB1636D14BBC910139AB /* XCTest.framework in Frameworks */,
			);
			runOnlyForDeploymentPostprocessing = 0;
		};
/* End PBXFrameworksBuildPhase section */

/* Begin PBXGroup section */
		A2BD2ABE2F35A6500023E2ED = {
			isa = PBXGroup;
			children = (
				A2C0AE652F3714280052180D /* MacTunesRecs.entitlements */,
				A2BD2AC92F35A6500023E2ED /* MacTunesRecs */,
				96622B9EAFA04FFA9BF9D344 /* MacTunesRecsTests */,
				A2BD2AE72F35A6F70023E2ED /* Frameworks */,
				A2BD2AC82F35A6500023E2ED /* Products */,
			);
			sourceTree = "<group>";
		};
		A2BD2AC82F35A6500023E2ED /* Products */ = {
			isa = PBXGroup;
			children = (
				A2BD2AC72F35A6500023E2ED /* MacTunesRecs.app */,
				EFB38123848E406B9A718AA1 /* MacTunesRecsTests.xctest */,
			);
			name = Products;
			sourceTree = "<group>";
		};
		A2BD2AE72F35A6F70023E2ED /* Frameworks */ = {
			isa = PBXGroup;
			children = (
				A2BD2AEA2F35A7070023E2ED /* AVFoundation.framework */,
				A2BD2AE82F35A6F80023E2ED /* iTunesLibrary.framework */,
				4E57F42ECFB44EAC9AD6BD90 /* XCTest.framework */,
			);
			name = Frameworks;
			sourceTree = "<group>";
		};
		96622B9EAFA04FFA9BF9D344 /* MacTunesRecsTests */ = {
			isa = PBXGroup;
			children = (
				2011C62F54514254859DEF5B /* MacTunesRecsTests.swift */,
				31F4D2CD843B4B86AC50CDC9 /* ModelsTests.swift */,
				904F782D6790436382D9FF08 /* RecommendationEngineTests.swift */,
				A61020A6BECB42FA939E521C /* SpotifyClientGenreMatchTests.swift */,
				1D8A63225A584D5584B5C000 /* OnlineGenreResolverCacheTests.swift */,
				AC55F28585B4452E88ED1542 /* LibraryViewModelTests.swift */,
				D26EEB5CC8184F13A5A926A9 /* GenreEnrichmentTests.swift */,
			);
			path = MacTunesRecsTests;
			sourceTree = "<group>";
		};
/* End PBXGroup section */

/* Begin PBXNativeTarget section */
		A2BD2AC62F35A6500023E2ED /* MacTunesRecs */ = {
			isa = PBXNativeTarget;
			buildConfigurationList = A2BD2AD22F35A6510023E2ED /* Build configuration list for PBXNativeTarget "MacTunesRecs" */;
			buildPhases = (
				A2BD2AC32F35A6500023E2ED /* Sources */,
				A2BD2AC42F35A6500023E2ED /* Frameworks */,
				A2BD2AC52F35A6500023E2ED /* Resources */,
			);
			buildRules = (
			);
			dependencies = (
			);
			fileSystemSynchronizedGroups = (
				A2BD2AC92F35A6500023E2ED /* MacTunesRecs */,
			);
			name = MacTunesRecs;
			packageProductDependencies = (
			);
			productName = MacTunesRecs;
			productReference = A2BD2AC72F35A6500023E2ED /* MacTunesRecs.app */;
			productType = "com.apple.product-type.application";
		};
		4783E85F27374F14914E4B5C /* MacTunesRecsTests */ = {
			isa = PBXNativeTarget;
			buildConfigurationList = 72B5190A092B421FACF7B9AF /* Build configuration list for PBXNativeTarget "MacTunesRecsTests" */;
			buildPhases = (
				036EFA6D8A25432896E79992 /* Sources */,
				AA55262E46144035AA3C0647 /* Frameworks */,
				AE1386058C3542D1B913F1C5 /* Resources */,
			);
			buildRules = (
			);
			dependencies = (
				EFE15288E0334210BFB39DAB /* PBXTargetDependency */,
			);
			name = MacTunesRecsTests;
			productName = MacTunesRecsTests;
			productReference = EFB38123848E406B9A718AA1 /* MacTunesRecsTests.xctest */;
			productType = "com.apple.product-type.bundle.unit-test";
		};
/* End PBXNativeTarget section */

/* Begin PBXProject section */
		A2BD2ABF2F35A6500023E2ED /* Project object */ = {
			isa = PBXProject;
			attributes = {
				BuildIndependentTargetsInParallel = 1;
				LastSwiftUpdateCheck = 2610;
				LastUpgradeCheck = 2610;
				TargetAttributes = {
					A2BD2AC62F35A6500023E2ED = {
						CreatedOnToolsVersion = 26.1.1;
						LastSwiftMigration = 2610;
					};
					4783E85F27374F14914E4B5C = {
						CreatedOnToolsVersion = 26.1.1;
						TestTargetID = A2BD2AC62F35A6500023E2ED;
					};
				};
			};
			buildConfigurationList = A2BD2AC22F35A6500023E2ED /* Build configuration list for PBXProject "MacTunesRecs" */;
			developmentRegion = en;
			hasScannedForEncodings = 0;
			knownRegions = (
				en,
				Base,
			);
			mainGroup = A2BD2ABE2F35A6500023E2ED;
			minimizedProjectReferenceProxies = 1;
			preferredProjectObjectVersion = 77;
			productRefGroup = A2BD2AC82F35A6500023E2ED /* Products */;
			projectDirPath = "";
			projectRoot = "";
			targets = (
				A2BD2AC62F35A6500023E2ED /* MacTunesRecs */,
				4783E85F27374F14914E4B5C /* MacTunesRecsTests */,
			);
		};
/* End PBXProject section */

/* Begin PBXResourcesBuildPhase section */
		A2BD2AC52F35A6500023E2ED /* Resources */ = {
			isa = PBXResourcesBuildPhase;
			buildActionMask = 2147483647;
			files = (
			);
			runOnlyForDeploymentPostprocessing = 0;
		};
		AE1386058C3542D1B913F1C5 /* Resources */ = {
			isa = PBXResourcesBuildPhase;
			buildActionMask = 2147483647;
			files = (
			);
			runOnlyForDeploymentPostprocessing = 0;
		};
/* End PBXResourcesBuildPhase section */

/* Begin PBXSourcesBuildPhase section */
		A2BD2AC32F35A6500023E2ED /* Sources */ = {
			isa = PBXSourcesBuildPhase;
			buildActionMask = 2147483647;
			files = (
			);
			runOnlyForDeploymentPostprocessing = 0;
		};
		036EFA6D8A25432896E79992 /* Sources */ = {
			isa = PBXSourcesBuildPhase;
			buildActionMask = 2147483647;
			files = (
				949F07BA33814212B647ADE9 /* MacTunesRecsTests.swift in Sources */,
				AFEDE2F9E2634C2CB3A81C93 /* ModelsTests.swift in Sources */,
				D35CC0CD23614032BA48D136 /* RecommendationEngineTests.swift in Sources */,
				7A0CE59888634685AA4FC776 /* SpotifyClientGenreMatchTests.swift in Sources */,
				72B2E01B69D3425B81FD1E0D /* OnlineGenreResolverCacheTests.swift in Sources */,
				28336B3F3F024D4A934AF7B0 /* LibraryViewModelTests.swift in Sources */,
				A9B5C08509194D9094E8C13C /* GenreEnrichmentTests.swift in Sources */,
			);
			runOnlyForDeploymentPostprocessing = 0;
		};
/* End PBXSourcesBuildPhase section */

/* Begin PBXTargetDependency section */
		EFE15288E0334210BFB39DAB /* PBXTargetDependency */ = {
			isa = PBXTargetDependency;
			target = A2BD2AC62F35A6500023E2ED /* MacTunesRecs */;
			targetProxy = 77ED08478A164FFFB991B8DA /* PBXContainerItemProxy */;
		};
/* End PBXTargetDependency section */

/* Begin XCBuildConfiguration section */
		A2BD2AD02F35A6510023E2ED /* Debug */ = {
			isa = XCBuildConfiguration;
			buildSettings = {
				ALWAYS_SEARCH_USER_PATHS = NO;
				ASSETCATALOG_COMPILER_GENERATE_SWIFT_ASSET_SYMBOL_EXTENSIONS = YES;
				CLANG_ANALYZER_NONNULL = YES;
				CLANG_ANALYZER_NUMBER_OBJECT_CONVERSION = YES_AGGRESSIVE;
				CLANG_CXX_LANGUAGE_STANDARD = "gnu++20";
				CLANG_ENABLE_MODULES = YES;
				CLANG_ENABLE_OBJC_ARC = YES;
				CLANG_ENABLE_OBJC_WEAK = YES;
				CLANG_WARN_BLOCK_CAPTURE_AUTORELEASING = YES;
				CLANG_WARN_BOOL_CONVERSION = YES;
				CLANG_WARN_COMMA = YES;
				CLANG_WARN_CONSTANT_CONVERSION = YES;
				CLANG_WARN_DEPRECATED_OBJC_IMPLEMENTATIONS = YES;
				CLANG_WARN_DIRECT_OBJC_ISA_USAGE = YES_ERROR;
				CLANG_WARN_DOCUMENTATION_COMMENTS = YES;
				CLANG_WARN_EMPTY_BODY = YES;
				CLANG_WARN_ENUM_CONVERSION = YES;
				CLANG_WARN_INFINITE_RECURSION = YES;
				CLANG_WARN_INT_CONVERSION = YES;
				CLANG_WARN_NON_LITERAL_NULL_CONVERSION = YES;
				CLANG_WARN_OBJC_IMPLICIT_RETAIN_SELF = YES;
				CLANG_WARN_OBJC_LITERAL_CONVERSION = YES;
				CLANG_WARN_OBJC_ROOT_CLASS = YES_ERROR;
				CLANG_WARN_QUOTED_INCLUDE_IN_FRAMEWORK_HEADER = YES;
				CLANG_WARN_RANGE_LOOP_ANALYSIS = YES;
				CLANG_WARN_STRICT_PROTOTYPES = YES;
				CLANG_WARN_SUSPICIOUS_MOVE = YES;
				CLANG_WARN_UNGUARDED_AVAILABILITY = YES_AGGRESSIVE;
				CLANG_WARN_UNREACHABLE_CODE = YES;
				CLANG_WARN__DUPLICATE_METHOD_MATCH = YES;
				COPY_PHASE_STRIP = NO;
				DEBUG_INFORMATION_FORMAT = dwarf;
				DEVELOPMENT_TEAM = 4VL6682MBK;
				ENABLE_STRICT_OBJC_MSGSEND = YES;
				ENABLE_TESTABILITY = YES;
				ENABLE_USER_SCRIPT_SANDBOXING = YES;
				GCC_C_LANGUAGE_STANDARD = gnu17;
				GCC_DYNAMIC_NO_PIC = NO;
				GCC_NO_COMMON_BLOCKS = YES;
				GCC_OPTIMIZATION_LEVEL = 0;
				GCC_PREPROCESSOR_DEFINITIONS = (
					"DEBUG=1",
					"$(inherited)",
				);
				GCC_WARN_64_TO_32_BIT_CONVERSION = YES;
				GCC_WARN_ABOUT_RETURN_TYPE = YES_ERROR;
				GCC_WARN_UNDECLARED_SELECTOR = YES;
				GCC_WARN_UNINITIALIZED_AUTOS = YES_AGGRESSIVE;
				GCC_WARN_UNUSED_FUNCTION = YES;
				GCC_WARN_UNUSED_VARIABLE = YES;
				LOCALIZATION_PREFERS_STRING_CATALOGS = YES;
				MACOSX_DEPLOYMENT_TARGET = 26.1;
				MTL_ENABLE_DEBUG_INFO = INCLUDE_SOURCE;
				MTL_FAST_MATH = YES;
				ONLY_ACTIVE_ARCH = YES;
				SDKROOT = macosx;
				SWIFT_ACTIVE_COMPILATION_CONDITIONS = "DEBUG $(inherited)";
				SWIFT_OPTIMIZATION_LEVEL = "-Onone";
			};
			name = Debug;
		};
		A2BD2AD12F35A6510023E2ED /* Release */ = {
			isa = XCBuildConfiguration;
			buildSettings = {
				ALWAYS_SEARCH_USER_PATHS = NO;
				ASSETCATALOG_COMPILER_GENERATE_SWIFT_ASSET_SYMBOL_EXTENSIONS = YES;
				CLANG_ANALYZER_NONNULL = YES;
				CLANG_ANALYZER_NUMBER_OBJECT_CONVERSION = YES_AGGRESSIVE;
				CLANG_CXX_LANGUAGE_STANDARD = "gnu++20";
				CLANG_ENABLE_MODULES = YES;
				CLANG_ENABLE_OBJC_ARC = YES;
				CLANG_ENABLE_OBJC_WEAK = YES;
				CLANG_WARN_BLOCK_CAPTURE_AUTORELEASING = YES;
				CLANG_WARN_BOOL_CONVERSION = YES;
				CLANG_WARN_COMMA = YES;
				CLANG_WARN_CONSTANT_CONVERSION = YES;
				CLANG_WARN_DEPRECATED_OBJC_IMPLEMENTATIONS = YES;
				CLANG_WARN_DIRECT_OBJC_ISA_USAGE = YES_ERROR;
				CLANG_WARN_DOCUMENTATION_COMMENTS = YES;
				CLANG_WARN_EMPTY_BODY = YES;
				CLANG_WARN_ENUM_CONVERSION = YES;
				CLANG_WARN_INFINITE_RECURSION = YES;
				CLANG_WARN_INT_CONVERSION = YES;
				CLANG_WARN_NON_LITERAL_NULL_CONVERSION = YES;
				CLANG_WARN_OBJC_IMPLICIT_RETAIN_SELF = YES;
				CLANG_WARN_OBJC_LITERAL_CONVERSION = YES;
				CLANG_WARN_OBJC_ROOT_CLASS = YES_ERROR;
				CLANG_WARN_QUOTED_INCLUDE_IN_FRAMEWORK_HEADER = YES;
				CLANG_WARN_RANGE_LOOP_ANALYSIS = YES;
				CLANG_WARN_STRICT_PROTOTYPES = YES;
				CLANG_WARN_SUSPICIOUS_MOVE = YES;
				CLANG_WARN_UNGUARDED_AVAILABILITY = YES_AGGRESSIVE;
				CLANG_WARN_UNREACHABLE_CODE = YES;
				CLANG_WARN__DUPLICATE_METHOD_MATCH = YES;
				COPY_PHASE_STRIP = NO;
				DEBUG_INFORMATION_FORMAT = "dwarf-with-dsym";
				DEVELOPMENT_TEAM = 4VL6682MBK;
				ENABLE_NS_ASSERTIONS = NO;
				ENABLE_STRICT_OBJC_MSGSEND = YES;
				ENABLE_USER_SCRIPT_SANDBOXING = YES;
				GCC_C_LANGUAGE_STANDARD = gnu17;
				GCC_NO_COMMON_BLOCKS = YES;
				GCC_WARN_64_TO_32_BIT_CONVERSION = YES;
				GCC_WARN_ABOUT_RETURN_TYPE = YES_ERROR;
				GCC_WARN_UNDECLARED_SELECTOR = YES;
				GCC_WARN_UNINITIALIZED_AUTOS = YES_AGGRESSIVE;
				GCC_WARN_UNUSED_FUNCTION = YES;
				GCC_WARN_UNUSED_VARIABLE = YES;
				LOCALIZATION_PREFERS_STRING_CATALOGS = YES;
				MACOSX_DEPLOYMENT_TARGET = 26.1;
				MTL_ENABLE_DEBUG_INFO = NO;
				MTL_FAST_MATH = YES;
				SDKROOT = macosx;
				SWIFT_COMPILATION_MODE = wholemodule;
			};
			name = Release;
		};
		A2BD2AD32F35A6510023E2ED /* Debug */ = {
			isa = XCBuildConfiguration;
			buildSettings = {
				ASSETCATALOG_COMPILER_APPICON_NAME = AppIcon;
				ASSETCATALOG_COMPILER_GLOBAL_ACCENT_COLOR_NAME = AccentColor;
				CLANG_ENABLE_MODULES = YES;
				CODE_SIGN_ENTITLEMENTS = MacTunesRecs.entitlements;
				CODE_SIGN_STYLE = Automatic;
				COMBINE_HIDPI_IMAGES = YES;
				CURRENT_PROJECT_VERSION = 1;
				DEVELOPMENT_TEAM = 4VL6682MBK;
				ENABLE_APP_SANDBOX = YES;
				ENABLE_FILE_ACCESS_MUSIC_FOLDER = readonly;
				ENABLE_HARDENED_RUNTIME = YES;
				ENABLE_INCOMING_NETWORK_CONNECTIONS = NO;
				ENABLE_OUTGOING_NETWORK_CONNECTIONS = YES;
				ENABLE_PREVIEWS = YES;
				ENABLE_RESOURCE_ACCESS_AUDIO_INPUT = NO;
				ENABLE_RESOURCE_ACCESS_BLUETOOTH = NO;
				ENABLE_RESOURCE_ACCESS_CALENDARS = NO;
				ENABLE_RESOURCE_ACCESS_CAMERA = NO;
				ENABLE_RESOURCE_ACCESS_CONTACTS = NO;
				ENABLE_RESOURCE_ACCESS_LOCATION = NO;
				ENABLE_RESOURCE_ACCESS_PRINTING = NO;
				ENABLE_RESOURCE_ACCESS_USB = NO;
				ENABLE_USER_SELECTED_FILES = readonly;
				GENERATE_INFOPLIST_FILE = YES;
				INFOPLIST_FILE = MacTunesRecs/Info.plist;
				INFOPLIST_KEY_NSAppleMusicUsageDescription = "";
				INFOPLIST_KEY_NSHumanReadableCopyright = "";
				LD_RUNPATH_SEARCH_PATHS = (
					"$(inherited)",
					"@executable_path/../Frameworks",
				);
				MARKETING_VERSION = 1.0;
				PRODUCT_BUNDLE_IDENTIFIER = ibridge.MacTunesRecs;
				PRODUCT_NAME = "$(TARGET_NAME)";
				REGISTER_APP_GROUPS = YES;
				STRING_CATALOG_GENERATE_SYMBOLS = YES;
				SWIFT_APPROACHABLE_CONCURRENCY = YES;
				SWIFT_DEFAULT_ACTOR_ISOLATION = MainActor;
				SWIFT_EMIT_LOC_STRINGS = YES;
				SWIFT_OBJC_BRIDGING_HEADER = "MacTunesRecs/MacTunesRecs-Bridging-Header.h";
				SWIFT_OPTIMIZATION_LEVEL = "-Onone";
				SWIFT_UPCOMING_FEATURE_MEMBER_IMPORT_VISIBILITY = YES;
				SWIFT_VERSION = 5.0;
			};
			name = Debug;
		};
		A2BD2AD42F35A6510023E2ED /* Release */ = {
			isa = XCBuildConfiguration;
			buildSettings = {
				ASSETCATALOG_COMPILER_APPICON_NAME = AppIcon;
				ASSETCATALOG_COMPILER_GLOBAL_ACCENT_COLOR_NAME = AccentColor;
				CLANG_ENABLE_MODULES = YES;
				CODE_SIGN_ENTITLEMENTS = MacTunesRecs.entitlements;
				CODE_SIGN_STYLE = Automatic;
				COMBINE_HIDPI_IMAGES = YES;
				CURRENT_PROJECT_VERSION = 1;
				DEVELOPMENT_TEAM = 4VL6682MBK;
				ENABLE_APP_SANDBOX = YES;
				ENABLE_FILE_ACCESS_MUSIC_FOLDER = readonly;
				ENABLE_HARDENED_RUNTIME = YES;
				ENABLE_INCOMING_NETWORK_CONNECTIONS = NO;
				ENABLE_OUTGOING_NETWORK_CONNECTIONS = YES;
				ENABLE_PREVIEWS = YES;
				ENABLE_RESOURCE_ACCESS_AUDIO_INPUT = NO;
				ENABLE_RESOURCE_ACCESS_BLUETOOTH = NO;
				ENABLE_RESOURCE_ACCESS_CALENDARS = NO;
				ENABLE_RESOURCE_ACCESS_CAMERA = NO;
				ENABLE_RESOURCE_ACCESS_CONTACTS = NO;
				ENABLE_RESOURCE_ACCESS_LOCATION = NO;
				ENABLE_RESOURCE_ACCESS_PRINTING = NO;
				ENABLE_RESOURCE_ACCESS_USB = NO;
				ENABLE_USER_SELECTED_FILES = readonly;
				GENERATE_INFOPLIST_FILE = YES;
				INFOPLIST_FILE = MacTunesRecs/Info.plist;
				INFOPLIST_KEY_NSAppleMusicUsageDescription = "";
				INFOPLIST_KEY_NSHumanReadableCopyright = "";
				LD_RUNPATH_SEARCH_PATHS = (
					"$(inherited)",
					"@executable_path/../Frameworks",
				);
				MARKETING_VERSION = 1.0;
				PRODUCT_BUNDLE_IDENTIFIER = ibridge.MacTunesRecs;
				PRODUCT_NAME = "$(TARGET_NAME)";
				REGISTER_APP_GROUPS = YES;
				STRING_CATALOG_GENERATE_SYMBOLS = YES;
				SWIFT_APPROACHABLE_CONCURRENCY = YES;
				SWIFT_DEFAULT_ACTOR_ISOLATION = MainActor;
				SWIFT_EMIT_LOC_STRINGS = YES;
				SWIFT_OBJC_BRIDGING_HEADER = "MacTunesRecs/MacTunesRecs-Bridging-Header.h";
				SWIFT_UPCOMING_FEATURE_MEMBER_IMPORT_VISIBILITY = YES;
				SWIFT_VERSION = 5.0;
			};
			name = Release;
		};
		A8F331DD1827433AA6256F5C /* Debug */ = {
			isa = XCBuildConfiguration;
			buildSettings = {
				ALWAYS_EMBED_SWIFT_STANDARD_LIBRARIES = YES;
				BUNDLE_LOADER = "$(TEST_HOST)";
				CODE_SIGN_STYLE = Automatic;
				CURRENT_PROJECT_VERSION = 1;
				DEVELOPMENT_TEAM = 4VL6682MBK;
				GENERATE_INFOPLIST_FILE = YES;
				MACOSX_DEPLOYMENT_TARGET = 26.1;
				MARKETING_VERSION = 1.0;
				PRODUCT_BUNDLE_IDENTIFIER = ibridge.MacTunesRecsTests;
				PRODUCT_NAME = "$(TARGET_NAME)";
				SDKROOT = macosx;
				SWIFT_VERSION = 5.0;
				TEST_HOST = "$(BUILT_PRODUCTS_DIR)/MacTunesRecs.app/Contents/MacOS/MacTunesRecs";
			};
			name = Debug;
		};
		A00914581ACC474A95F4461E /* Release */ = {
			isa = XCBuildConfiguration;
			buildSettings = {
				ALWAYS_EMBED_SWIFT_STANDARD_LIBRARIES = YES;
				BUNDLE_LOADER = "$(TEST_HOST)";
				CODE_SIGN_STYLE = Automatic;
				CURRENT_PROJECT_VERSION = 1;
				DEVELOPMENT_TEAM = 4VL6682MBK;
				GENERATE_INFOPLIST_FILE = YES;
				MACOSX_DEPLOYMENT_TARGET = 26.1;
				MARKETING_VERSION = 1.0;
				PRODUCT_BUNDLE_IDENTIFIER = ibridge.MacTunesRecsTests;
				PRODUCT_NAME = "$(TARGET_NAME)";
				SDKROOT = macosx;
				SWIFT_VERSION = 5.0;
				TEST_HOST = "$(BUILT_PRODUCTS_DIR)/MacTunesRecs.app/Contents/MacOS/MacTunesRecs";
			};
			name = Release;
		};
/* End XCBuildConfiguration section */

/* Begin XCConfigurationList section */
		A2BD2AC22F35A6500023E2ED /* Build configuration list for PBXProject "MacTunesRecs" */ = {
			isa = XCConfigurationList;
			buildConfigurations = (
				A2BD2AD02F35A6510023E2ED /* Debug */,
				A2BD2AD12F35A6510023E2ED /* Release */,
			);
			defaultConfigurationIsVisible = 0;
			defaultConfigurationName = Release;
		};
		A2BD2AD22F35A6510023E2ED /* Build configuration list for PBXNativeTarget "MacTunesRecs" */ = {
			isa = XCConfigurationList;
			buildConfigurations = (
				A2BD2AD32F35A6510023E2ED /* Debug */,
				A2BD2AD42F35A6510023E2ED /* Release */,
			);
			defaultConfigurationIsVisible = 0;
			defaultConfigurationName = Release;
		};
		72B5190A092B421FACF7B9AF /* Build configuration list for PBXNativeTarget "MacTunesRecsTests" */ = {
			isa = XCConfigurationList;
			buildConfigurations = (
				A8F331DD1827433AA6256F5C /* Debug */,
				A00914581ACC474A95F4461E /* Release */,
			);
			defaultConfigurationIsVisible = 0;
			defaultConfigurationName = Release;
		};
/* End XCConfigurationList section */
	};
	rootObject = A2BD2ABF2F35A6500023E2ED /* Project object */;
}
